<?xml version="1.0" encoding="utf-8"?>
<Project ToolsVersion="4.0" xmlns="http://schemas.microsoft.com/developer/msbuild/2003">
  <ItemGroup>
    <Filter Include="Source Files">
      <UniqueIdentifier>{4FC737F1-C7A5-4376-A066-2A32D752A2FF}</UniqueIdentifier>
      <Extensions>cpp;c;cc;cxx;c++;cppm;ixx;def;odl;idl;hpj;bat;asm;asmx</Extensions>
    </Filter>
    <Filter Include="Header Files">
      <UniqueIdentifier>{93995380-89BD-4b04-88EB-625FBE52EBFB}</UniqueIdentifier>
      <Extensions>h;hh;hpp;hxx;h++;hm;inl;inc;ipp;xsd</Extensions>
    </Filter>
    <Filter Include="Resource Files">
      <UniqueIdentifier>{67DA6AB6-F800-4c08-8B7A-83BB121AAD01}</UniqueIdentifier>
      <Extensions>rc;ico;cur;bmp;dlg;rc2;rct;bin;rgs;gif;jpg;jpeg;jpe;resx;tiff;tif;png;wav;mfcribbon-ms</Extensions>
    </Filter>
  </ItemGroup>
  <ItemGroup>
    <ClCompile Include="Code\Include\get_api_data.cpp">
      <Filter>Source Files</Filter>
    </ClCompile>
    <ClCompile Include="Code\Include\point_map.cpp">
      <Filter>Source Files</Filter>
    </ClCompile>
    <ClCompile Include="Code\download_data.cpp">
      <Filter>Source Files</Filter>
    </ClCompile>
    <ClCompile Include="Code\Include\station_coordinates.cpp">
      <Filter>Source Files</Filter>
    </ClCompile>
    <ClCompile Include="Code\Include\calculate_bounding_box.cpp">
      <Filter>Source Files</Filter>
    </ClCompile>
    <ClCompile Include="Code\Include\angle_conversions.cpp">
      <Filter>Source Files</Filter>
    </ClCompile>
    <ClCompile Include="Code\Include\extract_polygons.cpp">
      <Filter>Source Files</Filter>
    </ClCompile>
    <ClCompile Include="Code\calculate_coverage_point_map.cpp">
      <Filter>Source Files</Filter>
    </ClCompile>
    <ClCompile Include="Code\Include\calculate_distance.cpp">
      <Filter>Source Files</Filter>
    </ClCompile>
    <ClCompile Include="Code\clean_isochrones.cpp">
      <Filter>Source Files</Filter>
    </ClCompile>
    <ClCompile Include="Code\Include\check_if_inside.cpp">
      <Filter>Source Files</Filter>
    </ClCompile>
    <ClCompile Include="Code\Include\remove_concave_corners.cpp">
      <Filter>Source Files</Filter>
    </ClCompile>
    <ClCompile Include="Code\Include\indiana_border.cpp">
      <Filter>Source Files</Filter>
    </ClCompile>
    <ClCompile Include="Code\calculate_coverage_overdose_points.cpp">
      <Filter>Source Files</Filter>
    </ClCompile>
  </ItemGroup>
  <ItemGroup>
    <ClInclude Include="Code\Include\max_time.h">
      <Filter>Header Files</Filter>
    </ClInclude>
    <ClInclude Include="Code\Include\point_map.h">
      <Filter>Header Files</Filter>
    </ClInclude>
    <ClInclude Include="Code\Include\get_api_data.h">
      <Filter>Header Files</Filter>
    </ClInclude>
    <ClInclude Include="Code\Include\station_coordinates.h">
      <Filter>Header Files</Filter>
    </ClInclude>
    <ClInclude Include="Code\Include\calculate_bounding_box.h">
      <Filter>Header Files</Filter>
    </ClInclude>
    <ClInclude Include="Code\Include\angle_conversions.h">
      <Filter>Header Files</Filter>
    </ClInclude>
    <ClInclude Include="Code\Include\calculate_distance.h">
      <Filter>Header Files</Filter>
    </ClInclude>
    <ClInclude Include="Code\Include\Structs\point.h">
      <Filter>Header Files</Filter>
    </ClInclude>
    <ClInclude Include="Code\Include\Structs\index.h">
      <Filter>Header Files</Filter>
    </ClInclude>
    <ClInclude Include="Code\Include\extract_polygons.h">
      <Filter>Header Files</Filter>
    </ClInclude>
    <ClInclude Include="Code\Include\Structs\polygon.h">
      <Filter>Header Files</Filter>
    </ClInclude>
    <ClInclude Include="Code\Include\check_if_inside.h">
      <Filter>Header Files</Filter>
    </ClInclude>
    <ClInclude Include="Code\Include\remove_concave_corners.h">
      <Filter>Header Files</Filter>
    </ClInclude>
    <ClInclude Include="Code\Include\indiana_border.h">
      <Filter>Header Files</Filter>
    </ClInclude>
  </ItemGroup>
</Project>